
Microsoft Visual Studio Solution File, Format Version 12.00
# Visual Studio Version 17
VisualStudioVersion = 17.9.34728.123
MinimumVisualStudioVersion = 10.0.40219.1
Project("{8BC9CEB8-8B4A-11D0-8D11-00A0C91BC942}") = "Ex_Little_of_Structs", "Ex_Little_of_Structs\Ex_Little_of_Structs.vcxproj", "{1B85DA22-52F5-45D8-9563-9D30FEA38038}"
EndProject
Project("{8BC9CEB8-8B4A-11D0-8D11-00A0C91BC942}") = "BankAcc_Matthew", "BankAcc_Matthew\BankAcc_Matthew.vcxproj", "{54175D5B-749A-4775-93A4-14B60AC95BC1}"
EndProject
Project("{8BC9CEB8-8B4A-11D0-8D11-00A0C91BC942}") = "Ex_Memory_Allocating_and_Destructing", "Ex_Memory_Allocating_and_Destructing\Ex_Memory_Allocating_and_Destructing.vcxproj", "{D686AD89-6D0D-43DB-85E9-E4E445D9CC86}"
EndProject
Global
	GlobalSection(SolutionConfigurationPlatforms) = preSolution
		Debug|x64 = Debug|x64
		Debug|x86 = Debug|x86
		Release|x64 = Release|x64
		Release|x86 = Release|x86
	EndGlobalSection
	GlobalSection(ProjectConfigurationPlatforms) = postSolution
		{1B85DA22-52F5-45D8-9563-9D30FEA38038}.Debug|x64.ActiveCfg = Debug|x64
		{1B85DA22-52F5-45D8-9563-9D30FEA38038}.Debug|x64.Build.0 = Debug|x64
		{1B85DA22-52F5-45D8-9563-9D30FEA38038}.Debug|x86.ActiveCfg = Debug|Win32
		{1B85DA22-52F5-45D8-9563-9D30FEA38038}.Debug|x86.Build.0 = Debug|Win32
		{1B85DA22-52F5-45D8-9563-9D30FEA38038}.Release|x64.ActiveCfg = Release|x64
		{1B85DA22-52F5-45D8-9563-9D30FEA38038}.Release|x64.Build.0 = Release|x64
		{1B85DA22-52F5-45D8-9563-9D30FEA38038}.Release|x86.ActiveCfg = Release|Win32
		{1B85DA22-52F5-45D8-9563-9D30FEA38038}.Release|x86.Build.0 = Release|Win32
		{54175D5B-749A-4775-93A4-14B60AC95BC1}.Debug|x64.ActiveCfg = Debug|x64
		{54175D5B-749A-4775-93A4-14B60AC95BC1}.Debug|x64.Build.0 = Debug|x64
		{54175D5B-749A-4775-93A4-14B60AC95BC1}.Debug|x86.ActiveCfg = Debug|Win32
		{54175D5B-749A-4775-93A4-14B60AC95BC1}.Debug|x86.Build.0 = Debug|Win32
		{54175D5B-749A-4775-93A4-14B60AC95BC1}.Release|x64.ActiveCfg = Release|x64
		{54175D5B-749A-4775-93A4-14B60AC95BC1}.Release|x64.Build.0 = Release|x64
		{54175D5B-749A-4775-93A4-14B60AC95BC1}.Release|x86.ActiveCfg = Release|Win32
		{54175D5B-749A-4775-93A4-14B60AC95BC1}.Release|x86.Build.0 = Release|Win32
		{D686AD89-6D0D-43DB-85E9-E4E445D9CC86}.Debug|x64.ActiveCfg = Debug|x64
		{D686AD89-6D0D-43DB-85E9-E4E445D9CC86}.Debug|x64.Build.0 = Debug|x64
		{D686AD89-6D0D-43DB-85E9-E4E445D9CC86}.Debug|x86.ActiveCfg = Debug|Win32
		{D686AD89-6D0D-43DB-85E9-E4E445D9CC86}.Debug|x86.Build.0 = Debug|Win32
		{D686AD89-6D0D-43DB-85E9-E4E445D9CC86}.Release|x64.ActiveCfg = Release|x64
		{D686AD89-6D0D-43DB-85E9-E4E445D9CC86}.Release|x64.Build.0 = Release|x64
		{D686AD89-6D0D-43DB-85E9-E4E445D9CC86}.Release|x86.ActiveCfg = Release|Win32
		{D686AD89-6D0D-43DB-85E9-E4E445D9CC86}.Release|x86.Build.0 = Release|Win32
	EndGlobalSection
	GlobalSection(SolutionProperties) = preSolution
		HideSolutionNode = FALSE
	EndGlobalSection
	GlobalSection(ExtensibilityGlobals) = postSolution
		SolutionGuid = {F6FC9A80-9781-4F2E-9F17-EC2BDB5556BE}
	EndGlobalSection
EndGlobal
