
Microsoft Visual Studio Solution File, Format Version 12.00
# Visual Studio Version 17
VisualStudioVersion = 17.9.34728.123
MinimumVisualStudioVersion = 10.0.40219.1
Project("{8BC9CEB8-8B4A-11D0-8D11-00A0C91BC942}") = "Ex_Little_of_Structs", "Ex_Little_of_Structs\Ex_Little_of_Structs.vcxproj", "{1B85DA22-52F5-45D8-9563-9D30FEA38038}"
EndProject
Project("{8BC9CEB8-8B4A-11D0-8D11-00A0C91BC942}") = "BankAcc_Matthew", "BankAcc_Matthew\BankAcc_Matthew.vcxproj", "{54175D5B-749A-4775-93A4-14B60AC95BC1}"
EndProject
Project("{8BC9CEB8-8B4A-11D0-8D11-00A0C91BC942}") = "Ex_Memory_Allocating_and_Destructing", "Ex_Memory_Allocating_and_Destructing\Ex_Memory_Allocating_and_Destructing.vcxproj", "{D686AD89-6D0D-43DB-85E9-E4E445D9CC86}"
EndProject
Project("{8BC9CEB8-8B4A-11D0-8D11-00A0C91BC942}") = "Ex_Student_Grade_Manager", "Ex_Student_Grade_Manager\Ex_Student_Grade_Manager.vcxproj", "{A8C2F57D-1209-47BD-AD0E-B623CAC94807}"
EndProject
Project("{8BC9CEB8-8B4A-11D0-8D11-00A0C91BC942}") = "Ex_ClassTimeTravel", "Ex_ClassTimeTravel\Ex_ClassTimeTravel.vcxproj", "{423645A7-1D06-476E-8871-96A0AD2ECD98}"
EndProject
Project("{8BC9CEB8-8B4A-11D0-8D11-00A0C91BC942}") = "Ex_ArraysForLoop", "Ex_ArraysForLoop\Ex_ArraysForLoop.vcxproj", "{CA99B54C-425B-4FFD-8EAA-166F73478C42}"
EndProject
Project("{8BC9CEB8-8B4A-11D0-8D11-00A0C91BC942}") = "Ex_ArrayForLoop2", "Ex_ArrayForLoop2\Ex_ArrayForLoop2.vcxproj", "{2ED84417-B277-45D2-A40C-CCE11E53B3FA}"
EndProject
Project("{8BC9CEB8-8B4A-11D0-8D11-00A0C91BC942}") = "Ex_Generic_Func_SumArray", "Ex_Generic_Func_SumArray\Ex_Generic_Func_SumArray.vcxproj", "{58E6DA73-7118-428F-8017-391646B76DA2}"
EndProject
Project("{8BC9CEB8-8B4A-11D0-8D11-00A0C91BC942}") = "Project_VehicleGarage", "VehicleManagement_using4PillarsOOPandTemplates\VehicleManagement_using4PillarsOOPandTemplates.vcxproj", "{02EEF808-33BA-4252-AAC1-6EECF445BF92}"
EndProject
Project("{8BC9CEB8-8B4A-11D0-8D11-00A0C91BC942}") = "Project_BookLibrary", "BookLibraryProject\BookLibraryProject.vcxproj", "{29F00140-91DC-4D77-8606-A45559846F30}"
EndProject
Project("{8BC9CEB8-8B4A-11D0-8D11-00A0C91BC942}") = "Recursion", "Recursion\Recursion.vcxproj", "{4E94567B-832F-4BBB-9346-DFDDC4B9175F}"
EndProject
Project("{8BC9CEB8-8B4A-11D0-8D11-00A0C91BC942}") = "CarWashingStation", "CarWashingStation\CarWashingStation.vcxproj", "{0A253399-BEFE-4861-9763-3A44AA7078B8}"
EndProject
Project("{8BC9CEB8-8B4A-11D0-8D11-00A0C91BC942}") = "EmployeeManagement", "Midterm_Ex2_EmployeeManagement\Midterm_Ex2_EmployeeManagement.vcxproj", "{C7728031-A293-482A-874F-2E533C4389AA}"
EndProject
Project("{8BC9CEB8-8B4A-11D0-8D11-00A0C91BC942}") = "Linked list (circular)", "Linked list (circular)\Linked list (circular).vcxproj", "{1EC83A1F-1535-4BC9-BA73-9FF3553A6B51}"
EndProject
Global
	GlobalSection(SolutionConfigurationPlatforms) = preSolution
		Debug|x64 = Debug|x64
		Debug|x86 = Debug|x86
		Release|x64 = Release|x64
		Release|x86 = Release|x86
	EndGlobalSection
	GlobalSection(ProjectConfigurationPlatforms) = postSolution
		{1B85DA22-52F5-45D8-9563-9D30FEA38038}.Debug|x64.ActiveCfg = Debug|x64
		{1B85DA22-52F5-45D8-9563-9D30FEA38038}.Debug|x64.Build.0 = Debug|x64
		{1B85DA22-52F5-45D8-9563-9D30FEA38038}.Debug|x86.ActiveCfg = Debug|Win32
		{1B85DA22-52F5-45D8-9563-9D30FEA38038}.Debug|x86.Build.0 = Debug|Win32
		{1B85DA22-52F5-45D8-9563-9D30FEA38038}.Release|x64.ActiveCfg = Release|x64
		{1B85DA22-52F5-45D8-9563-9D30FEA38038}.Release|x64.Build.0 = Release|x64
		{1B85DA22-52F5-45D8-9563-9D30FEA38038}.Release|x86.ActiveCfg = Release|Win32
		{1B85DA22-52F5-45D8-9563-9D30FEA38038}.Release|x86.Build.0 = Release|Win32
		{54175D5B-749A-4775-93A4-14B60AC95BC1}.Debug|x64.ActiveCfg = Debug|x64
		{54175D5B-749A-4775-93A4-14B60AC95BC1}.Debug|x64.Build.0 = Debug|x64
		{54175D5B-749A-4775-93A4-14B60AC95BC1}.Debug|x86.ActiveCfg = Debug|Win32
		{54175D5B-749A-4775-93A4-14B60AC95BC1}.Debug|x86.Build.0 = Debug|Win32
		{54175D5B-749A-4775-93A4-14B60AC95BC1}.Release|x64.ActiveCfg = Release|x64
		{54175D5B-749A-4775-93A4-14B60AC95BC1}.Release|x64.Build.0 = Release|x64
		{54175D5B-749A-4775-93A4-14B60AC95BC1}.Release|x86.ActiveCfg = Release|Win32
		{54175D5B-749A-4775-93A4-14B60AC95BC1}.Release|x86.Build.0 = Release|Win32
		{D686AD89-6D0D-43DB-85E9-E4E445D9CC86}.Debug|x64.ActiveCfg = Debug|x64
		{D686AD89-6D0D-43DB-85E9-E4E445D9CC86}.Debug|x64.Build.0 = Debug|x64
		{D686AD89-6D0D-43DB-85E9-E4E445D9CC86}.Debug|x86.ActiveCfg = Debug|Win32
		{D686AD89-6D0D-43DB-85E9-E4E445D9CC86}.Debug|x86.Build.0 = Debug|Win32
		{D686AD89-6D0D-43DB-85E9-E4E445D9CC86}.Release|x64.ActiveCfg = Release|x64
		{D686AD89-6D0D-43DB-85E9-E4E445D9CC86}.Release|x64.Build.0 = Release|x64
		{D686AD89-6D0D-43DB-85E9-E4E445D9CC86}.Release|x86.ActiveCfg = Release|Win32
		{D686AD89-6D0D-43DB-85E9-E4E445D9CC86}.Release|x86.Build.0 = Release|Win32
		{A8C2F57D-1209-47BD-AD0E-B623CAC94807}.Debug|x64.ActiveCfg = Debug|x64
		{A8C2F57D-1209-47BD-AD0E-B623CAC94807}.Debug|x64.Build.0 = Debug|x64
		{A8C2F57D-1209-47BD-AD0E-B623CAC94807}.Debug|x86.ActiveCfg = Debug|Win32
		{A8C2F57D-1209-47BD-AD0E-B623CAC94807}.Debug|x86.Build.0 = Debug|Win32
		{A8C2F57D-1209-47BD-AD0E-B623CAC94807}.Release|x64.ActiveCfg = Release|x64
		{A8C2F57D-1209-47BD-AD0E-B623CAC94807}.Release|x64.Build.0 = Release|x64
		{A8C2F57D-1209-47BD-AD0E-B623CAC94807}.Release|x86.ActiveCfg = Release|Win32
		{A8C2F57D-1209-47BD-AD0E-B623CAC94807}.Release|x86.Build.0 = Release|Win32
		{423645A7-1D06-476E-8871-96A0AD2ECD98}.Debug|x64.ActiveCfg = Debug|x64
		{423645A7-1D06-476E-8871-96A0AD2ECD98}.Debug|x64.Build.0 = Debug|x64
		{423645A7-1D06-476E-8871-96A0AD2ECD98}.Debug|x86.ActiveCfg = Debug|Win32
		{423645A7-1D06-476E-8871-96A0AD2ECD98}.Debug|x86.Build.0 = Debug|Win32
		{423645A7-1D06-476E-8871-96A0AD2ECD98}.Release|x64.ActiveCfg = Release|x64
		{423645A7-1D06-476E-8871-96A0AD2ECD98}.Release|x64.Build.0 = Release|x64
		{423645A7-1D06-476E-8871-96A0AD2ECD98}.Release|x86.ActiveCfg = Release|Win32
		{423645A7-1D06-476E-8871-96A0AD2ECD98}.Release|x86.Build.0 = Release|Win32
		{CA99B54C-425B-4FFD-8EAA-166F73478C42}.Debug|x64.ActiveCfg = Debug|x64
		{CA99B54C-425B-4FFD-8EAA-166F73478C42}.Debug|x64.Build.0 = Debug|x64
		{CA99B54C-425B-4FFD-8EAA-166F73478C42}.Debug|x86.ActiveCfg = Debug|Win32
		{CA99B54C-425B-4FFD-8EAA-166F73478C42}.Debug|x86.Build.0 = Debug|Win32
		{CA99B54C-425B-4FFD-8EAA-166F73478C42}.Release|x64.ActiveCfg = Release|x64
		{CA99B54C-425B-4FFD-8EAA-166F73478C42}.Release|x64.Build.0 = Release|x64
		{CA99B54C-425B-4FFD-8EAA-166F73478C42}.Release|x86.ActiveCfg = Release|Win32
		{CA99B54C-425B-4FFD-8EAA-166F73478C42}.Release|x86.Build.0 = Release|Win32
		{2ED84417-B277-45D2-A40C-CCE11E53B3FA}.Debug|x64.ActiveCfg = Debug|x64
		{2ED84417-B277-45D2-A40C-CCE11E53B3FA}.Debug|x64.Build.0 = Debug|x64
		{2ED84417-B277-45D2-A40C-CCE11E53B3FA}.Debug|x86.ActiveCfg = Debug|Win32
		{2ED84417-B277-45D2-A40C-CCE11E53B3FA}.Debug|x86.Build.0 = Debug|Win32
		{2ED84417-B277-45D2-A40C-CCE11E53B3FA}.Release|x64.ActiveCfg = Release|x64
		{2ED84417-B277-45D2-A40C-CCE11E53B3FA}.Release|x64.Build.0 = Release|x64
		{2ED84417-B277-45D2-A40C-CCE11E53B3FA}.Release|x86.ActiveCfg = Release|Win32
		{2ED84417-B277-45D2-A40C-CCE11E53B3FA}.Release|x86.Build.0 = Release|Win32
		{58E6DA73-7118-428F-8017-391646B76DA2}.Debug|x64.ActiveCfg = Debug|x64
		{58E6DA73-7118-428F-8017-391646B76DA2}.Debug|x64.Build.0 = Debug|x64
		{58E6DA73-7118-428F-8017-391646B76DA2}.Debug|x86.ActiveCfg = Debug|Win32
		{58E6DA73-7118-428F-8017-391646B76DA2}.Debug|x86.Build.0 = Debug|Win32
		{58E6DA73-7118-428F-8017-391646B76DA2}.Release|x64.ActiveCfg = Release|x64
		{58E6DA73-7118-428F-8017-391646B76DA2}.Release|x64.Build.0 = Release|x64
		{58E6DA73-7118-428F-8017-391646B76DA2}.Release|x86.ActiveCfg = Release|Win32
		{58E6DA73-7118-428F-8017-391646B76DA2}.Release|x86.Build.0 = Release|Win32
		{02EEF808-33BA-4252-AAC1-6EECF445BF92}.Debug|x64.ActiveCfg = Debug|x64
		{02EEF808-33BA-4252-AAC1-6EECF445BF92}.Debug|x64.Build.0 = Debug|x64
		{02EEF808-33BA-4252-AAC1-6EECF445BF92}.Debug|x86.ActiveCfg = Debug|Win32
		{02EEF808-33BA-4252-AAC1-6EECF445BF92}.Debug|x86.Build.0 = Debug|Win32
		{02EEF808-33BA-4252-AAC1-6EECF445BF92}.Release|x64.ActiveCfg = Release|x64
		{02EEF808-33BA-4252-AAC1-6EECF445BF92}.Release|x64.Build.0 = Release|x64
		{02EEF808-33BA-4252-AAC1-6EECF445BF92}.Release|x86.ActiveCfg = Release|Win32
		{02EEF808-33BA-4252-AAC1-6EECF445BF92}.Release|x86.Build.0 = Release|Win32
		{29F00140-91DC-4D77-8606-A45559846F30}.Debug|x64.ActiveCfg = Debug|x64
		{29F00140-91DC-4D77-8606-A45559846F30}.Debug|x64.Build.0 = Debug|x64
		{29F00140-91DC-4D77-8606-A45559846F30}.Debug|x86.ActiveCfg = Debug|Win32
		{29F00140-91DC-4D77-8606-A45559846F30}.Debug|x86.Build.0 = Debug|Win32
		{29F00140-91DC-4D77-8606-A45559846F30}.Release|x64.ActiveCfg = Release|x64
		{29F00140-91DC-4D77-8606-A45559846F30}.Release|x64.Build.0 = Release|x64
		{29F00140-91DC-4D77-8606-A45559846F30}.Release|x86.ActiveCfg = Release|Win32
		{29F00140-91DC-4D77-8606-A45559846F30}.Release|x86.Build.0 = Release|Win32
		{4E94567B-832F-4BBB-9346-DFDDC4B9175F}.Debug|x64.ActiveCfg = Debug|x64
		{4E94567B-832F-4BBB-9346-DFDDC4B9175F}.Debug|x64.Build.0 = Debug|x64
		{4E94567B-832F-4BBB-9346-DFDDC4B9175F}.Debug|x86.ActiveCfg = Debug|Win32
		{4E94567B-832F-4BBB-9346-DFDDC4B9175F}.Debug|x86.Build.0 = Debug|Win32
		{4E94567B-832F-4BBB-9346-DFDDC4B9175F}.Release|x64.ActiveCfg = Release|x64
		{4E94567B-832F-4BBB-9346-DFDDC4B9175F}.Release|x64.Build.0 = Release|x64
		{4E94567B-832F-4BBB-9346-DFDDC4B9175F}.Release|x86.ActiveCfg = Release|Win32
		{4E94567B-832F-4BBB-9346-DFDDC4B9175F}.Release|x86.Build.0 = Release|Win32
		{0A253399-BEFE-4861-9763-3A44AA7078B8}.Debug|x64.ActiveCfg = Debug|x64
		{0A253399-BEFE-4861-9763-3A44AA7078B8}.Debug|x64.Build.0 = Debug|x64
		{0A253399-BEFE-4861-9763-3A44AA7078B8}.Debug|x86.ActiveCfg = Debug|Win32
		{0A253399-BEFE-4861-9763-3A44AA7078B8}.Debug|x86.Build.0 = Debug|Win32
		{0A253399-BEFE-4861-9763-3A44AA7078B8}.Release|x64.ActiveCfg = Release|x64
		{0A253399-BEFE-4861-9763-3A44AA7078B8}.Release|x64.Build.0 = Release|x64
		{0A253399-BEFE-4861-9763-3A44AA7078B8}.Release|x86.ActiveCfg = Release|Win32
		{0A253399-BEFE-4861-9763-3A44AA7078B8}.Release|x86.Build.0 = Release|Win32
		{C7728031-A293-482A-874F-2E533C4389AA}.Debug|x64.ActiveCfg = Debug|x64
		{C7728031-A293-482A-874F-2E533C4389AA}.Debug|x64.Build.0 = Debug|x64
		{C7728031-A293-482A-874F-2E533C4389AA}.Debug|x86.ActiveCfg = Debug|Win32
		{C7728031-A293-482A-874F-2E533C4389AA}.Debug|x86.Build.0 = Debug|Win32
		{C7728031-A293-482A-874F-2E533C4389AA}.Release|x64.ActiveCfg = Release|x64
		{C7728031-A293-482A-874F-2E533C4389AA}.Release|x64.Build.0 = Release|x64
		{C7728031-A293-482A-874F-2E533C4389AA}.Release|x86.ActiveCfg = Release|Win32
		{C7728031-A293-482A-874F-2E533C4389AA}.Release|x86.Build.0 = Release|Win32
		{1EC83A1F-1535-4BC9-BA73-9FF3553A6B51}.Debug|x64.ActiveCfg = Debug|x64
		{1EC83A1F-1535-4BC9-BA73-9FF3553A6B51}.Debug|x64.Build.0 = Debug|x64
		{1EC83A1F-1535-4BC9-BA73-9FF3553A6B51}.Debug|x86.ActiveCfg = Debug|Win32
		{1EC83A1F-1535-4BC9-BA73-9FF3553A6B51}.Debug|x86.Build.0 = Debug|Win32
		{1EC83A1F-1535-4BC9-BA73-9FF3553A6B51}.Release|x64.ActiveCfg = Release|x64
		{1EC83A1F-1535-4BC9-BA73-9FF3553A6B51}.Release|x64.Build.0 = Release|x64
		{1EC83A1F-1535-4BC9-BA73-9FF3553A6B51}.Release|x86.ActiveCfg = Release|Win32
		{1EC83A1F-1535-4BC9-BA73-9FF3553A6B51}.Release|x86.Build.0 = Release|Win32
	EndGlobalSection
	GlobalSection(SolutionProperties) = preSolution
		HideSolutionNode = FALSE
	EndGlobalSection
	GlobalSection(ExtensibilityGlobals) = postSolution
		SolutionGuid = {F6FC9A80-9781-4F2E-9F17-EC2BDB5556BE}
	EndGlobalSection
EndGlobal
